// !$*UTF8*$!
{
	archiveVersion = 1;
	classes = {
	};
	objectVersion = 46;
	objects = {

/* Begin PBXBuildFile section */
		374F11CD1C21C6320070747D /* Foundation.framework in Frameworks */ = {isa = PBXBuildFile; fileRef = 374F11CC1C21C6320070747D /* Foundation.framework */; };
		374F11D81C21C6320070747D /* AppSwitcher.mm in Sources */ = {isa = PBXBuildFile; fileRef = 374F11D71C21C6320070747D /* AppSwitcher.mm */; };
		37D222741C21C7E1004D8F68 /* libsubstrate.dylib in Frameworks */ = {isa = PBXBuildFile; fileRef = 37D222731C21C7E1004D8F68 /* libsubstrate.dylib */; };
		37D222761C21E56E004D8F68 /* UIKit.framework in Frameworks */ = {isa = PBXBuildFile; fileRef = 37D222751C21E56E004D8F68 /* UIKit.framework */; };
		37D222781C22302C004D8F68 /* CoreGraphics.framework in Frameworks */ = {isa = PBXBuildFile; fileRef = 37D222771C22302C004D8F68 /* CoreGraphics.framework */; };
		80A3F4801C416DF5001D4F51 /* IOKit.tbd in Frameworks */ = {isa = PBXBuildFile; fileRef = 80A3F47F1C416DF5001D4F51 /* IOKit.tbd */; };
		80A3F4A81C41D411001D4F51 /* IOKit in Frameworks */ = {isa = PBXBuildFile; fileRef = 80A3F4A71C41D411001D4F51 /* IOKit */; };
/* End PBXBuildFile section */

/* Begin PBXFileReference section */
		374F11C91C21C6320070747D /* AppSwitcher.dylib */ = {isa = PBXFileReference; explicitFileType = "compiled.mach-o.dylib"; includeInIndex = 0; path = AppSwitcher.dylib; sourceTree = BUILT_PRODUCTS_DIR; };
		374F11CC1C21C6320070747D /* Foundation.framework */ = {isa = PBXFileReference; lastKnownFileType = wrapper.framework; name = Foundation.framework; path = System/Library/Frameworks/Foundation.framework; sourceTree = SDKROOT; };
		374F11D11C21C6320070747D /* control.txt */ = {isa = PBXFileReference; lastKnownFileType = text; name = control.txt; path = Package/DEBIAN/control.txt; sourceTree = "<group>"; };
		374F11D21C21C6320070747D /* control */ = {isa = PBXFileReference; lastKnownFileType = text; name = control; path = Package/DEBIAN/control; sourceTree = "<group>"; };
		374F11D41C21C6320070747D /* PackageVersion.plist */ = {isa = PBXFileReference; lastKnownFileType = text.plist.xml; path = PackageVersion.plist; sourceTree = "<group>"; };
		374F11D51C21C6320070747D /* AppSwitcher-Prefix.pch */ = {isa = PBXFileReference; lastKnownFileType = sourcecode.c.h; path = "AppSwitcher-Prefix.pch"; sourceTree = "<group>"; };
		374F11D61C21C6320070747D /* AppSwitcher.xm */ = {isa = PBXFileReference; lastKnownFileType = sourcecode.cpp.objcpp; path = AppSwitcher.xm; sourceTree = "<group>"; xcLanguageSpecificationIdentifier = xcode.lang.objcpp; };
		374F11D71C21C6320070747D /* AppSwitcher.mm */ = {isa = PBXFileReference; lastKnownFileType = sourcecode.cpp.objcpp; path = AppSwitcher.mm; sourceTree = "<group>"; };
		374F11DC1C21C6320070747D /* AppSwitcher.plist */ = {isa = PBXFileReference; lastKnownFileType = text.plist.xml; name = AppSwitcher.plist; path = Package/Library/MobileSubstrate/DynamicLibraries/AppSwitcher.plist; sourceTree = "<group>"; };
		37D222731C21C7E1004D8F68 /* libsubstrate.dylib */ = {isa = PBXFileReference; lastKnownFileType = "compiled.mach-o.dylib"; name = libsubstrate.dylib; path = ../../../../opt/iOSOpenDev/lib/libsubstrate.dylib; sourceTree = "<group>"; };
		37D222751C21E56E004D8F68 /* UIKit.framework */ = {isa = PBXFileReference; lastKnownFileType = wrapper.framework; name = UIKit.framework; path = System/Library/Frameworks/UIKit.framework; sourceTree = SDKROOT; };
		37D222771C22302C004D8F68 /* CoreGraphics.framework */ = {isa = PBXFileReference; lastKnownFileType = wrapper.framework; name = CoreGraphics.framework; path = System/Library/Frameworks/CoreGraphics.framework; sourceTree = SDKROOT; };
		80A3F47E1C416B90001D4F51 /* IOKit */ = {isa = PBXFileReference; lastKnownFileType = folder; path = IOKit; sourceTree = "<group>"; };
		80A3F47F1C416DF5001D4F51 /* IOKit.tbd */ = {isa = PBXFileReference; lastKnownFileType = "sourcecode.text-based-dylib-definition"; name = IOKit.tbd; path = Platforms/iPhoneOS.platform/Developer/SDKs/iPhoneOS.sdk/System/Library/Frameworks/IOKit.framework/Versions/A/IOKit.tbd; sourceTree = DEVELOPER_DIR; };
		80A3F4A71C41D411001D4F51 /* IOKit */ = {isa = PBXFileReference; lastKnownFileType = "compiled.mach-o.dylib"; name = IOKit; path = Platforms/iPhoneSimulator.platform/Developer/SDKs/iPhoneSimulator.sdk/System/Library/Frameworks/IOKit.framework/Versions/A/IOKit; sourceTree = DEVELOPER_DIR; };
/* End PBXFileReference section */

/* Begin PBXFrameworksBuildPhase section */
		374F11C51C21C6320070747D /* Frameworks */ = {
			isa = PBXFrameworksBuildPhase;
			buildActionMask = 2147483647;
			files = (
				80A3F4A81C41D411001D4F51 /* IOKit in Frameworks */,
				80A3F4801C416DF5001D4F51 /* IOKit.tbd in Frameworks */,
				37D222781C22302C004D8F68 /* CoreGraphics.framework in Frameworks */,
				37D222761C21E56E004D8F68 /* UIKit.framework in Frameworks */,
				37D222741C21C7E1004D8F68 /* libsubstrate.dylib in Frameworks */,
				374F11CD1C21C6320070747D /* Foundation.framework in Frameworks */,
			);
			runOnlyForDeploymentPostprocessing = 0;
		};
/* End PBXFrameworksBuildPhase section */

/* Begin PBXGroup section */
		374F11BE1C21C6320070747D = {
			isa = PBXGroup;
			children = (
				374F11CE1C21C6320070747D /* AppSwitcher */,
				374F11CB1C21C6320070747D /* Frameworks */,
				374F11CA1C21C6320070747D /* Products */,
			);
			sourceTree = "<group>";
		};
		374F11CA1C21C6320070747D /* Products */ = {
			isa = PBXGroup;
			children = (
				374F11C91C21C6320070747D /* AppSwitcher.dylib */,
			);
			name = Products;
			sourceTree = "<group>";
		};
		374F11CB1C21C6320070747D /* Frameworks */ = {
			isa = PBXGroup;
			children = (
				80A3F4A71C41D411001D4F51 /* IOKit */,
				80A3F47F1C416DF5001D4F51 /* IOKit.tbd */,
				37D222771C22302C004D8F68 /* CoreGraphics.framework */,
				37D222751C21E56E004D8F68 /* UIKit.framework */,
				37D222731C21C7E1004D8F68 /* libsubstrate.dylib */,
				374F11CC1C21C6320070747D /* Foundation.framework */,
			);
			name = Frameworks;
			sourceTree = "<group>";
		};
		374F11CE1C21C6320070747D /* AppSwitcher */ = {
			isa = PBXGroup;
			children = (
				80A3F47E1C416B90001D4F51 /* IOKit */,
				374F11D61C21C6320070747D /* AppSwitcher.xm */,
				374F11D71C21C6320070747D /* AppSwitcher.mm */,
				374F11CF1C21C6320070747D /* Package */,
				374F11D31C21C6320070747D /* Supporting Files */,
			);
			path = AppSwitcher;
			sourceTree = "<group>";
		};
		374F11CF1C21C6320070747D /* Package */ = {
			isa = PBXGroup;
			children = (
				374F11D01C21C6320070747D /* DEBIAN */,
				374F11D91C21C6320070747D /* Library */,
			);
			name = Package;
			sourceTree = "<group>";
		};
		374F11D01C21C6320070747D /* DEBIAN */ = {
			isa = PBXGroup;
			children = (
				374F11D11C21C6320070747D /* control.txt */,
				374F11D21C21C6320070747D /* control */,
			);
			name = DEBIAN;
			sourceTree = "<group>";
		};
		374F11D31C21C6320070747D /* Supporting Files */ = {
			isa = PBXGroup;
			children = (
				374F11D41C21C6320070747D /* PackageVersion.plist */,
				374F11D51C21C6320070747D /* AppSwitcher-Prefix.pch */,
			);
			name = "Supporting Files";
			sourceTree = "<group>";
		};
		374F11D91C21C6320070747D /* Library */ = {
			isa = PBXGroup;
			children = (
				374F11DA1C21C6320070747D /* MobileSubstrate */,
			);
			name = Library;
			sourceTree = "<group>";
		};
		374F11DA1C21C6320070747D /* MobileSubstrate */ = {
			isa = PBXGroup;
			children = (
				374F11DB1C21C6320070747D /* DynamicLibraries */,
			);
			name = MobileSubstrate;
			sourceTree = "<group>";
		};
		374F11DB1C21C6320070747D /* DynamicLibraries */ = {
			isa = PBXGroup;
			children = (
				374F11DC1C21C6320070747D /* AppSwitcher.plist */,
			);
			name = DynamicLibraries;
			sourceTree = "<group>";
		};
/* End PBXGroup section */

/* Begin PBXHeadersBuildPhase section */
		374F11C61C21C6320070747D /* Headers */ = {
			isa = PBXHeadersBuildPhase;
			buildActionMask = 2147483647;
			files = (
			);
			runOnlyForDeploymentPostprocessing = 0;
		};
/* End PBXHeadersBuildPhase section */

/* Begin PBXNativeTarget section */
		374F11C81C21C6320070747D /* AppSwitcher */ = {
			isa = PBXNativeTarget;
			buildConfigurationList = 374F11DF1C21C6320070747D /* Build configuration list for PBXNativeTarget "AppSwitcher" */;
			buildPhases = (
				374F11C31C21C6320070747D /* ShellScript */,
				374F11C41C21C6320070747D /* Sources */,
				374F11C51C21C6320070747D /* Frameworks */,
				374F11C61C21C6320070747D /* Headers */,
				374F11C71C21C6320070747D /* Run Script */,
			);
			buildRules = (
			);
			dependencies = (
			);
			name = AppSwitcher;
			productName = AppSwitcher;
			productReference = 374F11C91C21C6320070747D /* AppSwitcher.dylib */;
			productType = "com.apple.product-type.library.dynamic";
		};
/* End PBXNativeTarget section */

/* Begin PBXProject section */
		374F11BF1C21C6320070747D /* Project object */ = {
			isa = PBXProject;
			attributes = {
				LastUpgradeCheck = 0640;
				TargetAttributes = {
					374F11C81C21C6320070747D = {
						CreatedOnToolsVersion = 6.4;
					};
				};
			};
			buildConfigurationList = 374F11C21C21C6320070747D /* Build configuration list for PBXProject "AppSwitcher" */;
			compatibilityVersion = "Xcode 3.2";
			developmentRegion = English;
			hasScannedForEncodings = 0;
			knownRegions = (
				en,
			);
			mainGroup = 374F11BE1C21C6320070747D;
			productRefGroup = 374F11CA1C21C6320070747D /* Products */;
			projectDirPath = "";
			projectRoot = "";
			targets = (
				374F11C81C21C6320070747D /* AppSwitcher */,
			);
		};
/* End PBXProject section */

/* Begin PBXShellScriptBuildPhase section */
		374F11C31C21C6320070747D /* ShellScript */ = {
			isa = PBXShellScriptBuildPhase;
			buildActionMask = 2147483647;
			files = (
			);
			inputPaths = (
			);
			outputPaths = (
			);
			runOnlyForDeploymentPostprocessing = 0;
			shellPath = /bin/sh;
			shellScript = "/opt/iOSOpenDev/bin/iosod --xcbp-logos";
		};
		374F11C71C21C6320070747D /* Run Script */ = {
			isa = PBXShellScriptBuildPhase;
			buildActionMask = 2147483647;
			files = (
			);
			inputPaths = (
			);
			name = "Run Script";
			outputPaths = (
			);
			runOnlyForDeploymentPostprocessing = 0;
			shellPath = /bin/sh;
			shellScript = "/opt/iOSOpenDev/bin/iosod --xcbp";
		};
/* End PBXShellScriptBuildPhase section */

/* Begin PBXSourcesBuildPhase section */
		374F11C41C21C6320070747D /* Sources */ = {
			isa = PBXSourcesBuildPhase;
			buildActionMask = 2147483647;
			files = (
				374F11D81C21C6320070747D /* AppSwitcher.mm in Sources */,
			);
			runOnlyForDeploymentPostprocessing = 0;
		};
/* End PBXSourcesBuildPhase section */

/* Begin XCBuildConfiguration section */
		374F11DD1C21C6320070747D /* Debug */ = {
			isa = XCBuildConfiguration;
			buildSettings = {
				CODE_SIGN_IDENTITY = "iPhone Developer: lukas.javageek@gmail.com (Y4APWPX72C)";
				COPY_PHASE_STRIP = NO;
				EXCLUDED_RECURSIVE_SEARCH_PATH_SUBDIRECTORIES = "*.nib *.lproj *.gch (*) .DS_Store CVS .svn .git .hg *.xcodeproj *.xcode *.pbproj *.pbxproj";
				FRAMEWORK_SEARCH_PATHS = (
					"$(iOSOpenDevPath)/frameworks/**",
					"$(SDKROOT)/System/Library/PrivateFrameworks",
				);
				GCC_C_LANGUAGE_STANDARD = gnu99;
				GCC_DYNAMIC_NO_PIC = NO;
				GCC_OPTIMIZATION_LEVEL = 0;
				GCC_PREPROCESSOR_DEFINITIONS = (
					"DEBUG=1",
					"$(inherited)",
				);
				GCC_SYMBOLS_PRIVATE_EXTERN = NO;
				GCC_WARN_ABOUT_MISSING_PROTOTYPES = YES;
				GCC_WARN_ABOUT_RETURN_TYPE = YES;
				GCC_WARN_UNUSED_VARIABLE = YES;
				HEADER_SEARCH_PATHS = "$(iOSOpenDevPath)/include/**";
				IPHONEOS_DEPLOYMENT_TARGET = 8.4;
				LIBRARY_SEARCH_PATHS = "$(iOSOpenDevPath)/lib/**";
				SDKROOT = iphoneos;
				TARGETED_DEVICE_FAMILY = "1,2";
				VALIDATE_PRODUCT = NO;
				iOSOpenDevPath = /opt/iOSOpenDev;
			};
			name = Debug;
		};
		374F11DE1C21C6320070747D /* Release */ = {
			isa = XCBuildConfiguration;
			buildSettings = {
				CODE_SIGN_IDENTITY = "iPhone Developer: lukas.javageek@gmail.com (Y4APWPX72C)";
				COPY_PHASE_STRIP = YES;
				EXCLUDED_RECURSIVE_SEARCH_PATH_SUBDIRECTORIES = "*.nib *.lproj *.gch (*) .DS_Store CVS .svn .git .hg *.xcodeproj *.xcode *.pbproj *.pbxproj";
				FRAMEWORK_SEARCH_PATHS = (
					"$(iOSOpenDevPath)/frameworks/**",
					"$(SDKROOT)/System/Library/PrivateFrameworks",
				);
				GCC_C_LANGUAGE_STANDARD = gnu99;
				GCC_WARN_ABOUT_MISSING_PROTOTYPES = YES;
				GCC_WARN_ABOUT_RETURN_TYPE = YES;
				GCC_WARN_UNUSED_VARIABLE = YES;
				HEADER_SEARCH_PATHS = "$(iOSOpenDevPath)/include/**";
				IPHONEOS_DEPLOYMENT_TARGET = 8.4;
				LIBRARY_SEARCH_PATHS = "$(iOSOpenDevPath)/lib/**";
				SDKROOT = iphoneos;
				TARGETED_DEVICE_FAMILY = "1,2";
				VALIDATE_PRODUCT = YES;
				iOSOpenDevPath = /opt/iOSOpenDev;
			};
			name = Release;
		};
		374F11E01C21C6320070747D /* Debug */ = {
			isa = XCBuildConfiguration;
			buildSettings = {
				CODE_SIGN_IDENTITY = "iPhone Developer: lukas.javageek@gmail.com (Y4APWPX72C)";
				DYLIB_COMPATIBILITY_VERSION = 1;
				DYLIB_CURRENT_VERSION = 1;
				GCC_PRECOMPILE_PREFIX_HEADER = YES;
				GCC_PREFIX_HEADER = "AppSwitcher/AppSwitcher-Prefix.pch";
				INSTALL_PATH = /Library/MobileSubstrate/DynamicLibraries;
				LIBRARY_SEARCH_PATHS = (
					"$(inherited)",
					/opt/iOSOpenDev/lib,
					"$(DEVELOPER_DIR)/Platforms/iPhoneOS.platform/Developer/SDKs/iPhoneOS.sdk/System/Library/Frameworks/IOKit.framework/Versions/A",
				);
				PRODUCT_NAME = "$(TARGET_NAME)";
				USER_HEADER_SEARCH_PATHS = "$(SRCROOT)/**";
				iOSOpenDevBuildPackageOnAnyBuild = NO;
				iOSOpenDevCopyOnBuild = NO;
				iOSOpenDevDevice = 192.168.178.41;
				iOSOpenDevInstallOnAnyBuild = NO;
				iOSOpenDevInstallOnProfiling = YES;
				iOSOpenDevRespringOnInstall = YES;
				iOSOpenDevUsePackageVersionPList = YES;
			};
			name = Debug;
		};
		374F11E11C21C6320070747D /* Release */ = {
			isa = XCBuildConfiguration;
			buildSettings = {
				CODE_SIGN_IDENTITY = "iPhone Developer: lukas.javageek@gmail.com (Y4APWPX72C)";
				DYLIB_COMPATIBILITY_VERSION = 1;
				DYLIB_CURRENT_VERSION = 1;
				GCC_PRECOMPILE_PREFIX_HEADER = YES;
				GCC_PREFIX_HEADER = "AppSwitcher/AppSwitcher-Prefix.pch";
				INSTALL_PATH = /Library/MobileSubstrate/DynamicLibraries;
				LIBRARY_SEARCH_PATHS = (
					"$(inherited)",
					/opt/iOSOpenDev/lib,
					"$(DEVELOPER_DIR)/Platforms/iPhoneOS.platform/Developer/SDKs/iPhoneOS.sdk/System/Library/Frameworks/IOKit.framework/Versions/A",
				);
				PRODUCT_NAME = "$(TARGET_NAME)";
				USER_HEADER_SEARCH_PATHS = "$(SRCROOT)/**";
				iOSOpenDevBuildPackageOnAnyBuild = NO;
				iOSOpenDevCopyOnBuild = NO;
				iOSOpenDevDevice = 192.168.178.41;
				iOSOpenDevInstallOnAnyBuild = NO;
				iOSOpenDevInstallOnProfiling = YES;
				iOSOpenDevRespringOnInstall = YES;
				iOSOpenDevUsePackageVersionPList = YES;
			};
			name = Release;
		};
/* End XCBuildConfiguration section */

/* Begin XCConfigurationList section */
		374F11C21C21C6320070747D /* Build configuration list for PBXProject "AppSwitcher" */ = {
			isa = XCConfigurationList;
			buildConfigurations = (
				374F11DD1C21C6320070747D /* Debug */,
				374F11DE1C21C6320070747D /* Release */,
			);
			defaultConfigurationIsVisible = 0;
			defaultConfigurationName = Release;
		};
		374F11DF1C21C6320070747D /* Build configuration list for PBXNativeTarget "AppSwitcher" */ = {
			isa = XCConfigurationList;
			buildConfigurations = (
				374F11E01C21C6320070747D /* Debug */,
				374F11E11C21C6320070747D /* Release */,
			);
			defaultConfigurationIsVisible = 0;
			defaultConfigurationName = Release;
		};
/* End XCConfigurationList section */
	};
	rootObject = 374F11BF1C21C6320070747D /* Project object */;
}
