// !$*UTF8*$!
{
	archiveVersion = 1;
	classes = {
	};
	objectVersion = 46;
	objects = {

/* Begin PBXBuildFile section */
		374F11CD1C21C6320070747D /* Foundation.framework in Frameworks */ = {isa = PBXBuildFile; fileRef = 374F11CC1C21C6320070747D /* Foundation.framework */; };
		374F11D81C21C6320070747D /* AppSwitcher.mm in Sources */ = {isa = PBXBuildFile; fileRef = 374F11D71C21C6320070747D /* AppSwitcher.mm */; };
		37D222741C21C7E1004D8F68 /* libsubstrate.dylib in Frameworks */ = {isa = PBXBuildFile; fileRef = 37D222731C21C7E1004D8F68 /* libsubstrate.dylib */; };
		37D222761C21E56E004D8F68 /* UIKit.framework in Frameworks */ = {isa = PBXBuildFile; fileRef = 37D222751C21E56E004D8F68 /* UIKit.framework */; };
		37D222781C22302C004D8F68 /* CoreGraphics.framework in Frameworks */ = {isa = PBXBuildFile; fileRef = 37D222771C22302C004D8F68 /* CoreGraphics.framework */; };
		800BA79F1CA03A3E00FEE37C /* GraphicsServices.tbd in Frameworks */ = {isa = PBXBuildFile; fileRef = 800BA79E1CA03A3E00FEE37C /* GraphicsServices.tbd */; };
		800BA7E71CA0517100FEE37C /* libapplist.dylib in Frameworks */ = {isa = PBXBuildFile; fileRef = 800BA7E61CA0517100FEE37C /* libapplist.dylib */; };
		80A3F4801C416DF5001D4F51 /* IOKit.tbd in Frameworks */ = {isa = PBXBuildFile; fileRef = 80A3F47F1C416DF5001D4F51 /* IOKit.tbd */; };
		80A3F4A81C41D411001D4F51 /* IOKit in Frameworks */ = {isa = PBXBuildFile; fileRef = 80A3F4A71C41D411001D4F51 /* IOKit */; };
		80BF230D1CA13E6700A0D210 /* Foundation.framework in Frameworks */ = {isa = PBXBuildFile; fileRef = 374F11CC1C21C6320070747D /* Foundation.framework */; };
		80BF230E1CA13E6700A0D210 /* UIKit.framework in Frameworks */ = {isa = PBXBuildFile; fileRef = 37D222751C21E56E004D8F68 /* UIKit.framework */; };
		80BF230F1CA13E6700A0D210 /* Preferences.framework in Frameworks */ = {isa = PBXBuildFile; fileRef = 80BF22AB1CA076F500A0D210 /* Preferences.framework */; };
		80BF23191CA13E6700A0D210 /* SwitcherSettingsController.h in Headers */ = {isa = PBXBuildFile; fileRef = 80BF23181CA13E6700A0D210 /* SwitcherSettingsController.h */; };
		80BF231B1CA13E6700A0D210 /* SwitcherSettingsController.m in Sources */ = {isa = PBXBuildFile; fileRef = 80BF231A1CA13E6700A0D210 /* SwitcherSettingsController.m */; };
		80BF23311CA13EA800A0D210 /* libapplist.dylib in Frameworks */ = {isa = PBXBuildFile; fileRef = 800BA7E61CA0517100FEE37C /* libapplist.dylib */; };
		80BF23341CA13F4400A0D210 /* NSObject.h in Headers */ = {isa = PBXBuildFile; fileRef = 80BF23321CA13F4400A0D210 /* NSObject.h */; };
		80BF23381CA2A48E00A0D210 /* libactivator.dylib in Frameworks */ = {isa = PBXBuildFile; fileRef = 80BF23371CA2A48E00A0D210 /* libactivator.dylib */; };
		80BF23411CA2A4C400A0D210 /* LAActivator.h in Headers */ = {isa = PBXBuildFile; fileRef = 80BF23391CA2A4C400A0D210 /* LAActivator.h */; };
		80BF23421CA2A4C400A0D210 /* LAActivatorVersion.h in Headers */ = {isa = PBXBuildFile; fileRef = 80BF233A1CA2A4C400A0D210 /* LAActivatorVersion.h */; };
		80BF23431CA2A4C400A0D210 /* LAEvent.h in Headers */ = {isa = PBXBuildFile; fileRef = 80BF233B1CA2A4C400A0D210 /* LAEvent.h */; };
		80BF23441CA2A4C400A0D210 /* LAEventDataSource.h in Headers */ = {isa = PBXBuildFile; fileRef = 80BF233C1CA2A4C400A0D210 /* LAEventDataSource.h */; };
		80BF23451CA2A4C400A0D210 /* LAListener.h in Headers */ = {isa = PBXBuildFile; fileRef = 80BF233D1CA2A4C400A0D210 /* LAListener.h */; };
		80BF23461CA2A4C400A0D210 /* LASettingsViewController.h in Headers */ = {isa = PBXBuildFile; fileRef = 80BF233E1CA2A4C400A0D210 /* LASettingsViewController.h */; };
		80BF23471CA2A4C400A0D210 /* libactivator.h in Headers */ = {isa = PBXBuildFile; fileRef = 80BF233F1CA2A4C400A0D210 /* libactivator.h */; };
		80BF23481CA2A4C400A0D210 /* UIImageView+Activator.h in Headers */ = {isa = PBXBuildFile; fileRef = 80BF23401CA2A4C400A0D210 /* UIImageView+Activator.h */; };
		80BF234A1CA2AC5200A0D210 /* IOKit.tbd in Frameworks */ = {isa = PBXBuildFile; fileRef = 80A3F47F1C416DF5001D4F51 /* IOKit.tbd */; };
		80BF234D1CA2C27500A0D210 /* QuartzCore.framework in Frameworks */ = {isa = PBXBuildFile; fileRef = 80BF234C1CA2C27500A0D210 /* QuartzCore.framework */; };
		80BF234E1CA313AB00A0D210 /* libactivator.dylib in Frameworks */ = {isa = PBXBuildFile; fileRef = 80BF23371CA2A48E00A0D210 /* libactivator.dylib */; };
/* End PBXBuildFile section */

/* Begin PBXFileReference section */
		374F11C91C21C6320070747D /* AppSwitcher.dylib */ = {isa = PBXFileReference; explicitFileType = "compiled.mach-o.dylib"; includeInIndex = 0; path = AppSwitcher.dylib; sourceTree = BUILT_PRODUCTS_DIR; };
		374F11CC1C21C6320070747D /* Foundation.framework */ = {isa = PBXFileReference; lastKnownFileType = wrapper.framework; name = Foundation.framework; path = System/Library/Frameworks/Foundation.framework; sourceTree = SDKROOT; };
		374F11D21C21C6320070747D /* control */ = {isa = PBXFileReference; lastKnownFileType = text; name = control; path = Package/DEBIAN/control; sourceTree = "<group>"; };
		374F11D41C21C6320070747D /* PackageVersion.plist */ = {isa = PBXFileReference; lastKnownFileType = text.plist.xml; path = PackageVersion.plist; sourceTree = "<group>"; };
		374F11D51C21C6320070747D /* AppSwitcher-Prefix.pch */ = {isa = PBXFileReference; lastKnownFileType = sourcecode.c.h; path = "AppSwitcher-Prefix.pch"; sourceTree = "<group>"; };
		374F11D61C21C6320070747D /* AppSwitcher.xm */ = {isa = PBXFileReference; lastKnownFileType = sourcecode.cpp.objcpp; path = AppSwitcher.xm; sourceTree = "<group>"; xcLanguageSpecificationIdentifier = xcode.lang.objcpp; };
		374F11D71C21C6320070747D /* AppSwitcher.mm */ = {isa = PBXFileReference; lastKnownFileType = sourcecode.cpp.objcpp; path = AppSwitcher.mm; sourceTree = "<group>"; };
		374F11DC1C21C6320070747D /* AppSwitcher.plist */ = {isa = PBXFileReference; lastKnownFileType = text.plist.xml; name = AppSwitcher.plist; path = Package/Library/MobileSubstrate/DynamicLibraries/AppSwitcher.plist; sourceTree = "<group>"; };
		37D222731C21C7E1004D8F68 /* libsubstrate.dylib */ = {isa = PBXFileReference; lastKnownFileType = "compiled.mach-o.dylib"; name = libsubstrate.dylib; path = ../../../../opt/iOSOpenDev/lib/libsubstrate.dylib; sourceTree = "<group>"; };
		37D222751C21E56E004D8F68 /* UIKit.framework */ = {isa = PBXFileReference; lastKnownFileType = wrapper.framework; name = UIKit.framework; path = System/Library/Frameworks/UIKit.framework; sourceTree = SDKROOT; };
		37D222771C22302C004D8F68 /* CoreGraphics.framework */ = {isa = PBXFileReference; lastKnownFileType = wrapper.framework; name = CoreGraphics.framework; path = System/Library/Frameworks/CoreGraphics.framework; sourceTree = SDKROOT; };
		800BA79D1C9ECBAB00FEE37C /* PreferenceLoader */ = {isa = PBXFileReference; lastKnownFileType = folder; name = PreferenceLoader; path = Package/Library/PreferenceLoader; sourceTree = "<group>"; };
		800BA79E1CA03A3E00FEE37C /* GraphicsServices.tbd */ = {isa = PBXFileReference; lastKnownFileType = "sourcecode.text-based-dylib-definition"; name = GraphicsServices.tbd; path = Platforms/iPhoneOS.platform/Developer/SDKs/iPhoneOS.sdk/System/Library/PrivateFrameworks/GraphicsServices.framework/GraphicsServices.tbd; sourceTree = DEVELOPER_DIR; };
		800BA7E61CA0517100FEE37C /* libapplist.dylib */ = {isa = PBXFileReference; lastKnownFileType = "compiled.mach-o.dylib"; name = libapplist.dylib; path = ../../../../opt/theos/lib/libapplist.dylib; sourceTree = "<group>"; };
		80A3F47E1C416B90001D4F51 /* IOKit */ = {isa = PBXFileReference; lastKnownFileType = folder; path = IOKit; sourceTree = "<group>"; };
		80A3F47F1C416DF5001D4F51 /* IOKit.tbd */ = {isa = PBXFileReference; lastKnownFileType = "sourcecode.text-based-dylib-definition"; name = IOKit.tbd; path = Platforms/iPhoneOS.platform/Developer/SDKs/iPhoneOS.sdk/System/Library/Frameworks/IOKit.framework/Versions/A/IOKit.tbd; sourceTree = DEVELOPER_DIR; };
		80A3F4A71C41D411001D4F51 /* IOKit */ = {isa = PBXFileReference; lastKnownFileType = "compiled.mach-o.dylib"; name = IOKit; path = Platforms/iPhoneSimulator.platform/Developer/SDKs/iPhoneSimulator.sdk/System/Library/Frameworks/IOKit.framework/Versions/A/IOKit; sourceTree = DEVELOPER_DIR; };
		80BF22AB1CA076F500A0D210 /* Preferences.framework */ = {isa = PBXFileReference; lastKnownFileType = wrapper.framework; name = Preferences.framework; path = Library/Frameworks/Preferences.framework; sourceTree = DEVELOPER_DIR; };
		80BF230C1CA13E6700A0D210 /* SwitcherSettings.bundle */ = {isa = PBXFileReference; explicitFileType = wrapper.cfbundle; includeInIndex = 0; path = SwitcherSettings.bundle; sourceTree = BUILT_PRODUCTS_DIR; };
		80BF23131CA13E6700A0D210 /* control.txt */ = {isa = PBXFileReference; lastKnownFileType = text; name = control.txt; path = Package/DEBIAN/control.txt; sourceTree = "<group>"; };
		80BF23141CA13E6700A0D210 /* control */ = {isa = PBXFileReference; lastKnownFileType = text; name = control; path = Package/DEBIAN/control; sourceTree = "<group>"; };
		80BF23161CA13E6700A0D210 /* PackageVersion.plist */ = {isa = PBXFileReference; lastKnownFileType = text.plist.xml; path = PackageVersion.plist; sourceTree = "<group>"; };
		80BF23171CA13E6700A0D210 /* SwitcherSettings-Info.plist */ = {isa = PBXFileReference; lastKnownFileType = text.plist.xml; path = "SwitcherSettings-Info.plist"; sourceTree = "<group>"; };
		80BF23181CA13E6700A0D210 /* SwitcherSettingsController.h */ = {isa = PBXFileReference; lastKnownFileType = sourcecode.c.h; path = SwitcherSettingsController.h; sourceTree = "<group>"; };
		80BF231A1CA13E6700A0D210 /* SwitcherSettingsController.m */ = {isa = PBXFileReference; lastKnownFileType = sourcecode.c.objc; path = SwitcherSettingsController.m; sourceTree = "<group>"; };
		80BF231F1CA13E6700A0D210 /* SwitcherSettings.plist */ = {isa = PBXFileReference; lastKnownFileType = text.plist.xml; name = SwitcherSettings.plist; path = Package/Library/PreferenceLoader/Preferences/SwitcherSettings.plist; sourceTree = "<group>"; };
		80BF23221CA13E6700A0D210 /* SwitcherSettings.plist */ = {isa = PBXFileReference; lastKnownFileType = text.plist.xml; name = SwitcherSettings.plist; path = Package/Library/PreferenceBundles/SwitcherSettings.bundle/SwitcherSettings.plist; sourceTree = "<group>"; };
		80BF23231CA13E6700A0D210 /* SwitcherSettingsIcon.png */ = {isa = PBXFileReference; lastKnownFileType = image.png; name = SwitcherSettingsIcon.png; path = Package/Library/PreferenceBundles/SwitcherSettings.bundle/SwitcherSettingsIcon.png; sourceTree = "<group>"; };
		80BF23241CA13E6700A0D210 /* SwitcherSettingsIcon@2x.png */ = {isa = PBXFileReference; lastKnownFileType = image.png; name = "SwitcherSettingsIcon@2x.png"; path = "Package/Library/PreferenceBundles/SwitcherSettings.bundle/SwitcherSettingsIcon@2x.png"; sourceTree = "<group>"; };
		80BF23291CA13E6700A0D210 /* de.hoenig.SwitcherSettings.plist */ = {isa = PBXFileReference; lastKnownFileType = text.plist.xml; name = de.hoenig.SwitcherSettings.plist; path = Package/var/mobile/Library/Preferences/de.hoenig.SwitcherSettings.plist; sourceTree = "<group>"; };
		80BF232A1CA13E6700A0D210 /* SwitcherSettings-Prefix.pch */ = {isa = PBXFileReference; lastKnownFileType = sourcecode.c.h; path = "SwitcherSettings-Prefix.pch"; sourceTree = "<group>"; };
		80BF23321CA13F4400A0D210 /* NSObject.h */ = {isa = PBXFileReference; fileEncoding = 4; lastKnownFileType = sourcecode.c.h; path = NSObject.h; sourceTree = "<group>"; };
		80BF23331CA13F4400A0D210 /* Preferences */ = {isa = PBXFileReference; lastKnownFileType = folder; path = Preferences; sourceTree = "<group>"; };
		80BF23351CA1893500A0D210 /* CoreFoundation.framework */ = {isa = PBXFileReference; lastKnownFileType = wrapper.framework; name = CoreFoundation.framework; path = System/Library/Frameworks/CoreFoundation.framework; sourceTree = SDKROOT; };
		80BF23371CA2A48E00A0D210 /* libactivator.dylib */ = {isa = PBXFileReference; lastKnownFileType = "compiled.mach-o.dylib"; name = libactivator.dylib; path = ../../libactivator.dylib; sourceTree = "<group>"; };
		80BF23391CA2A4C400A0D210 /* LAActivator.h */ = {isa = PBXFileReference; fileEncoding = 4; lastKnownFileType = sourcecode.c.h; path = LAActivator.h; sourceTree = "<group>"; };
		80BF233A1CA2A4C400A0D210 /* LAActivatorVersion.h */ = {isa = PBXFileReference; fileEncoding = 4; lastKnownFileType = sourcecode.c.h; path = LAActivatorVersion.h; sourceTree = "<group>"; };
		80BF233B1CA2A4C400A0D210 /* LAEvent.h */ = {isa = PBXFileReference; fileEncoding = 4; lastKnownFileType = sourcecode.c.h; path = LAEvent.h; sourceTree = "<group>"; };
		80BF233C1CA2A4C400A0D210 /* LAEventDataSource.h */ = {isa = PBXFileReference; fileEncoding = 4; lastKnownFileType = sourcecode.c.h; path = LAEventDataSource.h; sourceTree = "<group>"; };
		80BF233D1CA2A4C400A0D210 /* LAListener.h */ = {isa = PBXFileReference; fileEncoding = 4; lastKnownFileType = sourcecode.c.h; path = LAListener.h; sourceTree = "<group>"; };
		80BF233E1CA2A4C400A0D210 /* LASettingsViewController.h */ = {isa = PBXFileReference; fileEncoding = 4; lastKnownFileType = sourcecode.c.h; path = LASettingsViewController.h; sourceTree = "<group>"; };
		80BF233F1CA2A4C400A0D210 /* libactivator.h */ = {isa = PBXFileReference; fileEncoding = 4; lastKnownFileType = sourcecode.c.h; path = libactivator.h; sourceTree = "<group>"; };
		80BF23401CA2A4C400A0D210 /* UIImageView+Activator.h */ = {isa = PBXFileReference; fileEncoding = 4; lastKnownFileType = sourcecode.c.h; path = "UIImageView+Activator.h"; sourceTree = "<group>"; };
		80BF234C1CA2C27500A0D210 /* QuartzCore.framework */ = {isa = PBXFileReference; lastKnownFileType = wrapper.framework; name = QuartzCore.framework; path = System/Library/Frameworks/QuartzCore.framework; sourceTree = SDKROOT; };
/* End PBXFileReference section */

/* Begin PBXFrameworksBuildPhase section */
		374F11C51C21C6320070747D /* Frameworks */ = {
			isa = PBXFrameworksBuildPhase;
			buildActionMask = 2147483647;
			files = (
				800BA7E71CA0517100FEE37C /* libapplist.dylib in Frameworks */,
				800BA79F1CA03A3E00FEE37C /* GraphicsServices.tbd in Frameworks */,
				80A3F4A81C41D411001D4F51 /* IOKit in Frameworks */,
				80A3F4801C416DF5001D4F51 /* IOKit.tbd in Frameworks */,
				37D222781C22302C004D8F68 /* CoreGraphics.framework in Frameworks */,
				37D222761C21E56E004D8F68 /* UIKit.framework in Frameworks */,
				37D222741C21C7E1004D8F68 /* libsubstrate.dylib in Frameworks */,
				80BF234E1CA313AB00A0D210 /* libactivator.dylib in Frameworks */,
				374F11CD1C21C6320070747D /* Foundation.framework in Frameworks */,
			);
			runOnlyForDeploymentPostprocessing = 0;
		};
		80BF23081CA13E6700A0D210 /* Frameworks */ = {
			isa = PBXFrameworksBuildPhase;
			buildActionMask = 2147483647;
			files = (
				80BF234D1CA2C27500A0D210 /* QuartzCore.framework in Frameworks */,
				80BF234A1CA2AC5200A0D210 /* IOKit.tbd in Frameworks */,
				80BF23381CA2A48E00A0D210 /* libactivator.dylib in Frameworks */,
				80BF23311CA13EA800A0D210 /* libapplist.dylib in Frameworks */,
				80BF230D1CA13E6700A0D210 /* Foundation.framework in Frameworks */,
				80BF230F1CA13E6700A0D210 /* Preferences.framework in Frameworks */,
				80BF230E1CA13E6700A0D210 /* UIKit.framework in Frameworks */,
			);
			runOnlyForDeploymentPostprocessing = 0;
		};
/* End PBXFrameworksBuildPhase section */

/* Begin PBXGroup section */
		374F11BE1C21C6320070747D = {
			isa = PBXGroup;
			children = (
				374F11CE1C21C6320070747D /* AppSwitcher */,
				80BF23101CA13E6700A0D210 /* SwitcherSettings */,
				374F11CB1C21C6320070747D /* Frameworks */,
				374F11CA1C21C6320070747D /* Products */,
			);
			sourceTree = "<group>";
		};
		374F11CA1C21C6320070747D /* Products */ = {
			isa = PBXGroup;
			children = (
				374F11C91C21C6320070747D /* AppSwitcher.dylib */,
				80BF230C1CA13E6700A0D210 /* SwitcherSettings.bundle */,
			);
			name = Products;
			sourceTree = "<group>";
		};
		374F11CB1C21C6320070747D /* Frameworks */ = {
			isa = PBXGroup;
			children = (
				80BF234C1CA2C27500A0D210 /* QuartzCore.framework */,
				80BF23371CA2A48E00A0D210 /* libactivator.dylib */,
				800BA7E61CA0517100FEE37C /* libapplist.dylib */,
				37D222731C21C7E1004D8F68 /* libsubstrate.dylib */,
				80BF23351CA1893500A0D210 /* CoreFoundation.framework */,
				800BA79E1CA03A3E00FEE37C /* GraphicsServices.tbd */,
				80A3F4A71C41D411001D4F51 /* IOKit */,
				80A3F47F1C416DF5001D4F51 /* IOKit.tbd */,
				37D222771C22302C004D8F68 /* CoreGraphics.framework */,
				37D222751C21E56E004D8F68 /* UIKit.framework */,
				374F11CC1C21C6320070747D /* Foundation.framework */,
				80BF22AB1CA076F500A0D210 /* Preferences.framework */,
			);
			name = Frameworks;
			sourceTree = "<group>";
		};
		374F11CE1C21C6320070747D /* AppSwitcher */ = {
			isa = PBXGroup;
			children = (
				80A3F47E1C416B90001D4F51 /* IOKit */,
				374F11D61C21C6320070747D /* AppSwitcher.xm */,
				374F11D71C21C6320070747D /* AppSwitcher.mm */,
				374F11CF1C21C6320070747D /* Package */,
				374F11D31C21C6320070747D /* Supporting Files */,
			);
			path = AppSwitcher;
			sourceTree = "<group>";
		};
		374F11CF1C21C6320070747D /* Package */ = {
			isa = PBXGroup;
			children = (
				374F11D01C21C6320070747D /* DEBIAN */,
				374F11D91C21C6320070747D /* Library */,
			);
			name = Package;
			sourceTree = "<group>";
		};
		374F11D01C21C6320070747D /* DEBIAN */ = {
			isa = PBXGroup;
			children = (
				374F11D21C21C6320070747D /* control */,
			);
			name = DEBIAN;
			sourceTree = "<group>";
		};
		374F11D31C21C6320070747D /* Supporting Files */ = {
			isa = PBXGroup;
			children = (
				374F11D41C21C6320070747D /* PackageVersion.plist */,
				374F11D51C21C6320070747D /* AppSwitcher-Prefix.pch */,
			);
			name = "Supporting Files";
			sourceTree = "<group>";
		};
		374F11D91C21C6320070747D /* Library */ = {
			isa = PBXGroup;
			children = (
				800BA79D1C9ECBAB00FEE37C /* PreferenceLoader */,
				374F11DA1C21C6320070747D /* MobileSubstrate */,
			);
			name = Library;
			sourceTree = "<group>";
		};
		374F11DA1C21C6320070747D /* MobileSubstrate */ = {
			isa = PBXGroup;
			children = (
				374F11DB1C21C6320070747D /* DynamicLibraries */,
			);
			name = MobileSubstrate;
			sourceTree = "<group>";
		};
		374F11DB1C21C6320070747D /* DynamicLibraries */ = {
			isa = PBXGroup;
			children = (
				374F11DC1C21C6320070747D /* AppSwitcher.plist */,
			);
			name = DynamicLibraries;
			sourceTree = "<group>";
		};
		80BF23101CA13E6700A0D210 /* SwitcherSettings */ = {
			isa = PBXGroup;
			children = (
				80BF23391CA2A4C400A0D210 /* LAActivator.h */,
				80BF233A1CA2A4C400A0D210 /* LAActivatorVersion.h */,
				80BF233B1CA2A4C400A0D210 /* LAEvent.h */,
				80BF233C1CA2A4C400A0D210 /* LAEventDataSource.h */,
				80BF233D1CA2A4C400A0D210 /* LAListener.h */,
				80BF233E1CA2A4C400A0D210 /* LASettingsViewController.h */,
				80BF233F1CA2A4C400A0D210 /* libactivator.h */,
				80BF23401CA2A4C400A0D210 /* UIImageView+Activator.h */,
				80BF23321CA13F4400A0D210 /* NSObject.h */,
				80BF23331CA13F4400A0D210 /* Preferences */,
				80BF23181CA13E6700A0D210 /* SwitcherSettingsController.h */,
				80BF231A1CA13E6700A0D210 /* SwitcherSettingsController.m */,
				80BF23111CA13E6700A0D210 /* Package */,
				80BF23151CA13E6700A0D210 /* Supporting Files */,
			);
			path = SwitcherSettings;
			sourceTree = "<group>";
		};
		80BF23111CA13E6700A0D210 /* Package */ = {
			isa = PBXGroup;
			children = (
				80BF23121CA13E6700A0D210 /* DEBIAN */,
				80BF231C1CA13E6700A0D210 /* Library */,
				80BF23251CA13E6700A0D210 /* var */,
			);
			name = Package;
			sourceTree = "<group>";
		};
		80BF23121CA13E6700A0D210 /* DEBIAN */ = {
			isa = PBXGroup;
			children = (
				80BF23131CA13E6700A0D210 /* control.txt */,
				80BF23141CA13E6700A0D210 /* control */,
			);
			name = DEBIAN;
			sourceTree = "<group>";
		};
		80BF23151CA13E6700A0D210 /* Supporting Files */ = {
			isa = PBXGroup;
			children = (
				80BF23161CA13E6700A0D210 /* PackageVersion.plist */,
				80BF23171CA13E6700A0D210 /* SwitcherSettings-Info.plist */,
				80BF232A1CA13E6700A0D210 /* SwitcherSettings-Prefix.pch */,
			);
			name = "Supporting Files";
			sourceTree = "<group>";
		};
		80BF231C1CA13E6700A0D210 /* Library */ = {
			isa = PBXGroup;
			children = (
				80BF231D1CA13E6700A0D210 /* PreferenceLoader */,
				80BF23201CA13E6700A0D210 /* PreferenceBundles */,
			);
			name = Library;
			sourceTree = "<group>";
		};
		80BF231D1CA13E6700A0D210 /* PreferenceLoader */ = {
			isa = PBXGroup;
			children = (
				80BF231E1CA13E6700A0D210 /* Preferences */,
			);
			name = PreferenceLoader;
			sourceTree = "<group>";
		};
		80BF231E1CA13E6700A0D210 /* Preferences */ = {
			isa = PBXGroup;
			children = (
				80BF231F1CA13E6700A0D210 /* SwitcherSettings.plist */,
			);
			name = Preferences;
			sourceTree = "<group>";
		};
		80BF23201CA13E6700A0D210 /* PreferenceBundles */ = {
			isa = PBXGroup;
			children = (
				80BF23211CA13E6700A0D210 /* ___PACKAGENAME___.bundle */,
			);
			name = PreferenceBundles;
			sourceTree = "<group>";
		};
		80BF23211CA13E6700A0D210 /* ___PACKAGENAME___.bundle */ = {
			isa = PBXGroup;
			children = (
				80BF23221CA13E6700A0D210 /* SwitcherSettings.plist */,
				80BF23231CA13E6700A0D210 /* SwitcherSettingsIcon.png */,
				80BF23241CA13E6700A0D210 /* SwitcherSettingsIcon@2x.png */,
			);
			name = "___PACKAGENAME___.bundle";
			sourceTree = "<group>";
		};
		80BF23251CA13E6700A0D210 /* var */ = {
			isa = PBXGroup;
			children = (
				80BF23261CA13E6700A0D210 /* mobile */,
			);
			name = var;
			sourceTree = "<group>";
		};
		80BF23261CA13E6700A0D210 /* mobile */ = {
			isa = PBXGroup;
			children = (
				80BF23271CA13E6700A0D210 /* Library */,
			);
			name = mobile;
			sourceTree = "<group>";
		};
		80BF23271CA13E6700A0D210 /* Library */ = {
			isa = PBXGroup;
			children = (
				80BF23281CA13E6700A0D210 /* Preferences */,
			);
			name = Library;
			sourceTree = "<group>";
		};
		80BF23281CA13E6700A0D210 /* Preferences */ = {
			isa = PBXGroup;
			children = (
				80BF23291CA13E6700A0D210 /* de.hoenig.SwitcherSettings.plist */,
			);
			name = Preferences;
			sourceTree = "<group>";
		};
/* End PBXGroup section */

/* Begin PBXHeadersBuildPhase section */
		374F11C61C21C6320070747D /* Headers */ = {
			isa = PBXHeadersBuildPhase;
			buildActionMask = 2147483647;
			files = (
			);
			runOnlyForDeploymentPostprocessing = 0;
		};
		80BF23091CA13E6700A0D210 /* Headers */ = {
			isa = PBXHeadersBuildPhase;
			buildActionMask = 2147483647;
			files = (
				80BF23341CA13F4400A0D210 /* NSObject.h in Headers */,
				80BF23481CA2A4C400A0D210 /* UIImageView+Activator.h in Headers */,
				80BF23441CA2A4C400A0D210 /* LAEventDataSource.h in Headers */,
				80BF23431CA2A4C400A0D210 /* LAEvent.h in Headers */,
				80BF23191CA13E6700A0D210 /* SwitcherSettingsController.h in Headers */,
				80BF23451CA2A4C400A0D210 /* LAListener.h in Headers */,
				80BF23471CA2A4C400A0D210 /* libactivator.h in Headers */,
				80BF23461CA2A4C400A0D210 /* LASettingsViewController.h in Headers */,
				80BF23421CA2A4C400A0D210 /* LAActivatorVersion.h in Headers */,
				80BF23411CA2A4C400A0D210 /* LAActivator.h in Headers */,
			);
			runOnlyForDeploymentPostprocessing = 0;
		};
/* End PBXHeadersBuildPhase section */

/* Begin PBXNativeTarget section */
		374F11C81C21C6320070747D /* AppSwitcher */ = {
			isa = PBXNativeTarget;
			buildConfigurationList = 374F11DF1C21C6320070747D /* Build configuration list for PBXNativeTarget "AppSwitcher" */;
			buildPhases = (
				374F11C31C21C6320070747D /* ShellScript */,
				374F11C41C21C6320070747D /* Sources */,
				374F11C51C21C6320070747D /* Frameworks */,
				374F11C61C21C6320070747D /* Headers */,
				374F11C71C21C6320070747D /* Run Script */,
			);
			buildRules = (
			);
			dependencies = (
			);
			name = AppSwitcher;
			productName = AppSwitcher;
			productReference = 374F11C91C21C6320070747D /* AppSwitcher.dylib */;
			productType = "com.apple.product-type.library.dynamic";
		};
		80BF230B1CA13E6700A0D210 /* SwitcherSettings */ = {
			isa = PBXNativeTarget;
			buildConfigurationList = 80BF232B1CA13E6700A0D210 /* Build configuration list for PBXNativeTarget "SwitcherSettings" */;
			buildPhases = (
				80BF23071CA13E6700A0D210 /* Sources */,
				80BF23081CA13E6700A0D210 /* Frameworks */,
				80BF23091CA13E6700A0D210 /* Headers */,
				80BF230A1CA13E6700A0D210 /* ShellScript */,
			);
			buildRules = (
			);
			dependencies = (
			);
			name = SwitcherSettings;
			productName = SwitcherSettings;
			productReference = 80BF230C1CA13E6700A0D210 /* SwitcherSettings.bundle */;
			productType = "com.apple.product-type.bundle";
		};
/* End PBXNativeTarget section */

/* Begin PBXProject section */
		374F11BF1C21C6320070747D /* Project object */ = {
			isa = PBXProject;
			attributes = {
				LastUpgradeCheck = 0640;
				TargetAttributes = {
					374F11C81C21C6320070747D = {
						CreatedOnToolsVersion = 6.4;
					};
					80BF230B1CA13E6700A0D210 = {
						CreatedOnToolsVersion = 7.2.1;
						DevelopmentTeam = 6874T3739X;
					};
				};
			};
			buildConfigurationList = 374F11C21C21C6320070747D /* Build configuration list for PBXProject "AppSwitcher" */;
			compatibilityVersion = "Xcode 3.2";
			developmentRegion = English;
			hasScannedForEncodings = 0;
			knownRegions = (
				en,
			);
			mainGroup = 374F11BE1C21C6320070747D;
			productRefGroup = 374F11CA1C21C6320070747D /* Products */;
			projectDirPath = "";
			projectRoot = "";
			targets = (
				374F11C81C21C6320070747D /* AppSwitcher */,
				80BF230B1CA13E6700A0D210 /* SwitcherSettings */,
			);
		};
/* End PBXProject section */

/* Begin PBXShellScriptBuildPhase section */
		374F11C31C21C6320070747D /* ShellScript */ = {
			isa = PBXShellScriptBuildPhase;
			buildActionMask = 2147483647;
			files = (
			);
			inputPaths = (
			);
			outputPaths = (
			);
			runOnlyForDeploymentPostprocessing = 0;
			shellPath = /bin/sh;
			shellScript = "/opt/iOSOpenDev/bin/iosod --xcbp-logos";
		};
		374F11C71C21C6320070747D /* Run Script */ = {
			isa = PBXShellScriptBuildPhase;
			buildActionMask = 2147483647;
			files = (
			);
			inputPaths = (
			);
			name = "Run Script";
			outputPaths = (
			);
			runOnlyForDeploymentPostprocessing = 0;
			shellPath = /bin/sh;
			shellScript = "/opt/iOSOpenDev/bin/iosod --xcbp";
		};
		80BF230A1CA13E6700A0D210 /* ShellScript */ = {
			isa = PBXShellScriptBuildPhase;
			buildActionMask = 2147483647;
			files = (
			);
			inputPaths = (
			);
			outputPaths = (
			);
			runOnlyForDeploymentPostprocessing = 0;
			shellPath = /bin/sh;
			shellScript = "/opt/iOSOpenDev/bin/iosod --xcbp";
		};
/* End PBXShellScriptBuildPhase section */

/* Begin PBXSourcesBuildPhase section */
		374F11C41C21C6320070747D /* Sources */ = {
			isa = PBXSourcesBuildPhase;
			buildActionMask = 2147483647;
			files = (
				374F11D81C21C6320070747D /* AppSwitcher.mm in Sources */,
			);
			runOnlyForDeploymentPostprocessing = 0;
		};
		80BF23071CA13E6700A0D210 /* Sources */ = {
			isa = PBXSourcesBuildPhase;
			buildActionMask = 2147483647;
			files = (
				80BF231B1CA13E6700A0D210 /* SwitcherSettingsController.m in Sources */,
			);
			runOnlyForDeploymentPostprocessing = 0;
		};
/* End PBXSourcesBuildPhase section */

/* Begin XCBuildConfiguration section */
		374F11DD1C21C6320070747D /* Debug */ = {
			isa = XCBuildConfiguration;
			buildSettings = {
				CODE_SIGN_IDENTITY = "iPhone Developer: lukas.javageek@gmail.com (Y4APWPX72C)";
				COPY_PHASE_STRIP = NO;
				EXCLUDED_RECURSIVE_SEARCH_PATH_SUBDIRECTORIES = "*.nib *.lproj *.gch (*) .DS_Store CVS .svn .git .hg *.xcodeproj *.xcode *.pbproj *.pbxproj";
				FRAMEWORK_SEARCH_PATHS = (
					"$(iOSOpenDevPath)/frameworks/**",
					"$(SDKROOT)/System/Library/PrivateFrameworks",
				);
				GCC_C_LANGUAGE_STANDARD = gnu99;
				GCC_DYNAMIC_NO_PIC = NO;
				GCC_OPTIMIZATION_LEVEL = 0;
				GCC_PREPROCESSOR_DEFINITIONS = (
					"DEBUG=1",
					"$(inherited)",
				);
				GCC_SYMBOLS_PRIVATE_EXTERN = NO;
				GCC_WARN_ABOUT_MISSING_PROTOTYPES = YES;
				GCC_WARN_ABOUT_RETURN_TYPE = YES;
				GCC_WARN_UNUSED_VARIABLE = YES;
				HEADER_SEARCH_PATHS = "$(iOSOpenDevPath)/include/**";
				IPHONEOS_DEPLOYMENT_TARGET = 8.4;
				LIBRARY_SEARCH_PATHS = "$(iOSOpenDevPath)/lib/**";
				SDKROOT = iphoneos;
				TARGETED_DEVICE_FAMILY = "1,2";
				VALIDATE_PRODUCT = NO;
				iOSOpenDevPath = /opt/iOSOpenDev;
			};
			name = Debug;
		};
		374F11DE1C21C6320070747D /* Release */ = {
			isa = XCBuildConfiguration;
			buildSettings = {
				CODE_SIGN_IDENTITY = "iPhone Developer: lukas.javageek@gmail.com (Y4APWPX72C)";
				COPY_PHASE_STRIP = YES;
				EXCLUDED_RECURSIVE_SEARCH_PATH_SUBDIRECTORIES = "*.nib *.lproj *.gch (*) .DS_Store CVS .svn .git .hg *.xcodeproj *.xcode *.pbproj *.pbxproj";
				FRAMEWORK_SEARCH_PATHS = (
					"$(iOSOpenDevPath)/frameworks/**",
					"$(SDKROOT)/System/Library/PrivateFrameworks",
				);
				GCC_C_LANGUAGE_STANDARD = gnu99;
				GCC_WARN_ABOUT_MISSING_PROTOTYPES = YES;
				GCC_WARN_ABOUT_RETURN_TYPE = YES;
				GCC_WARN_UNUSED_VARIABLE = YES;
				HEADER_SEARCH_PATHS = "$(iOSOpenDevPath)/include/**";
				IPHONEOS_DEPLOYMENT_TARGET = 8.4;
				LIBRARY_SEARCH_PATHS = "$(iOSOpenDevPath)/lib/**";
				SDKROOT = iphoneos;
				TARGETED_DEVICE_FAMILY = "1,2";
				VALIDATE_PRODUCT = YES;
				iOSOpenDevPath = /opt/iOSOpenDev;
			};
			name = Release;
		};
		374F11E01C21C6320070747D /* Debug */ = {
			isa = XCBuildConfiguration;
			buildSettings = {
				CODE_SIGN_IDENTITY = "iPhone Developer";
				DYLIB_COMPATIBILITY_VERSION = 1;
				DYLIB_CURRENT_VERSION = 1;
				GCC_PRECOMPILE_PREFIX_HEADER = YES;
				GCC_PREFIX_HEADER = "AppSwitcher/AppSwitcher-Prefix.pch";
				INSTALL_PATH = /Library/MobileSubstrate/DynamicLibraries;
				IPHONEOS_DEPLOYMENT_TARGET = 8.4;
				LIBRARY_SEARCH_PATHS = (
					"$(inherited)",
					/opt/iOSOpenDev/lib,
					"$(DEVELOPER_DIR)/Platforms/iPhoneOS.platform/Developer/SDKs/iPhoneOS.sdk/System/Library/Frameworks/IOKit.framework/Versions/A",
					/opt/theos/lib,
				);
				PRODUCT_NAME = "$(TARGET_NAME)";
				USER_HEADER_SEARCH_PATHS = "$(SRCROOT)/**";
				iOSOpenDevBuildPackageOnAnyBuild = NO;
				iOSOpenDevCopyOnBuild = NO;
				iOSOpenDevDevice = 172.20.10.1;
				iOSOpenDevInstallOnAnyBuild = NO;
				iOSOpenDevInstallOnProfiling = YES;
				iOSOpenDevRespringOnInstall = YES;
				iOSOpenDevUsePackageVersionPList = YES;
			};
			name = Debug;
		};
		374F11E11C21C6320070747D /* Release */ = {
			isa = XCBuildConfiguration;
			buildSettings = {
				CODE_SIGN_IDENTITY = "iPhone Developer";
				DYLIB_COMPATIBILITY_VERSION = 1;
				DYLIB_CURRENT_VERSION = 1;
				GCC_PRECOMPILE_PREFIX_HEADER = YES;
				GCC_PREFIX_HEADER = "AppSwitcher/AppSwitcher-Prefix.pch";
				INSTALL_PATH = /Library/MobileSubstrate/DynamicLibraries;
				IPHONEOS_DEPLOYMENT_TARGET = 8.4;
				LIBRARY_SEARCH_PATHS = (
					"$(inherited)",
					/opt/iOSOpenDev/lib,
					"$(DEVELOPER_DIR)/Platforms/iPhoneOS.platform/Developer/SDKs/iPhoneOS.sdk/System/Library/Frameworks/IOKit.framework/Versions/A",
					/opt/theos/lib,
				);
				PRODUCT_NAME = "$(TARGET_NAME)";
				USER_HEADER_SEARCH_PATHS = "$(SRCROOT)/**";
				iOSOpenDevBuildPackageOnAnyBuild = NO;
				iOSOpenDevCopyOnBuild = NO;
				iOSOpenDevDevice = 172.20.10.1;
				iOSOpenDevInstallOnAnyBuild = NO;
				iOSOpenDevInstallOnProfiling = YES;
				iOSOpenDevRespringOnInstall = YES;
				iOSOpenDevUsePackageVersionPList = YES;
			};
			name = Release;
		};
		80BF232C1CA13E6700A0D210 /* Debug */ = {
			isa = XCBuildConfiguration;
			buildSettings = {
				CLANG_ENABLE_OBJC_ARC = YES;
				CODE_SIGN_IDENTITY = "";
				ENABLE_BITCODE = NO;
				GCC_PRECOMPILE_PREFIX_HEADER = YES;
				GCC_PREFIX_HEADER = "SwitcherSettings/SwitcherSettings-Prefix.pch";
				INFOPLIST_FILE = "SwitcherSettings/SwitcherSettings-Info.plist";
				INSTALL_PATH = /Library/PreferenceBundles;
				IPHONEOS_DEPLOYMENT_TARGET = 9.2;
				LIBRARY_SEARCH_PATHS = (
					"$(inherited)",
					/opt/theos/lib,
				);
				PRODUCT_NAME = "$(TARGET_NAME)";
				USER_HEADER_SEARCH_PATHS = "/opt/theos/include/** $(SRCROOT)/**";
				WRAPPER_EXTENSION = bundle;
				iOSOpenDevBuildPackageOnAnyBuild = NO;
				iOSOpenDevCopyOnBuild = NO;
				iOSOpenDevDevice = 172.20.10.1;
				iOSOpenDevInstallOnAnyBuild = NO;
				iOSOpenDevInstallOnProfiling = YES;
				iOSOpenDevRespringOnInstall = YES;
				iOSOpenDevUsePackageVersionPList = YES;
			};
			name = Debug;
		};
		80BF232D1CA13E6700A0D210 /* Release */ = {
			isa = XCBuildConfiguration;
			buildSettings = {
				CLANG_ENABLE_OBJC_ARC = YES;
				CODE_SIGN_IDENTITY = "";
				ENABLE_BITCODE = NO;
				GCC_PRECOMPILE_PREFIX_HEADER = YES;
				GCC_PREFIX_HEADER = "SwitcherSettings/SwitcherSettings-Prefix.pch";
				INFOPLIST_FILE = "SwitcherSettings/SwitcherSettings-Info.plist";
				INSTALL_PATH = /Library/PreferenceBundles;
				IPHONEOS_DEPLOYMENT_TARGET = 9.2;
				LIBRARY_SEARCH_PATHS = (
					"$(inherited)",
					/opt/theos/lib,
				);
				PRODUCT_NAME = "$(TARGET_NAME)";
				USER_HEADER_SEARCH_PATHS = "/opt/theos/include/** $(SRCROOT)/**";
				WRAPPER_EXTENSION = bundle;
				iOSOpenDevBuildPackageOnAnyBuild = NO;
				iOSOpenDevCopyOnBuild = NO;
				iOSOpenDevDevice = 172.20.10.1;
				iOSOpenDevInstallOnAnyBuild = NO;
				iOSOpenDevInstallOnProfiling = YES;
				iOSOpenDevRespringOnInstall = YES;
				iOSOpenDevUsePackageVersionPList = YES;
			};
			name = Release;
		};
/* End XCBuildConfiguration section */

/* Begin XCConfigurationList section */
		374F11C21C21C6320070747D /* Build configuration list for PBXProject "AppSwitcher" */ = {
			isa = XCConfigurationList;
			buildConfigurations = (
				374F11DD1C21C6320070747D /* Debug */,
				374F11DE1C21C6320070747D /* Release */,
			);
			defaultConfigurationIsVisible = 0;
			defaultConfigurationName = Release;
		};
		374F11DF1C21C6320070747D /* Build configuration list for PBXNativeTarget "AppSwitcher" */ = {
			isa = XCConfigurationList;
			buildConfigurations = (
				374F11E01C21C6320070747D /* Debug */,
				374F11E11C21C6320070747D /* Release */,
			);
			defaultConfigurationIsVisible = 0;
			defaultConfigurationName = Release;
		};
		80BF232B1CA13E6700A0D210 /* Build configuration list for PBXNativeTarget "SwitcherSettings" */ = {
			isa = XCConfigurationList;
			buildConfigurations = (
				80BF232C1CA13E6700A0D210 /* Debug */,
				80BF232D1CA13E6700A0D210 /* Release */,
			);
			defaultConfigurationIsVisible = 0;
			defaultConfigurationName = Release;
		};
/* End XCConfigurationList section */
	};
	rootObject = 374F11BF1C21C6320070747D /* Project object */;
}
